
Microsoft Visual Studio Solution File, Format Version 12.00
# Visual Studio Version 17
VisualStudioVersion = 17.5.002.0
MinimumVisualStudioVersion = 10.0.40219.1
Project("{9A19103F-16F7-4668-BE54-9A1E7A4F7556}") = "Cinemax.API", "Cinemax.API.csproj", "{74762A5F-1D1E-4744-8481-2494F8E6AD14}"
EndProject
Global
	GlobalSection(SolutionConfigurationPlatforms) = preSolution
		Debug|Any CPU = Debug|Any CPU
		Release|Any CPU = Release|Any CPU
	EndGlobalSection
	GlobalSection(ProjectConfigurationPlatforms) = postSolution
		{74762A5F-1D1E-4744-8481-2494F8E6AD14}.Debug|Any CPU.ActiveCfg = Debug|Any CPU
		{74762A5F-1D1E-4744-8481-2494F8E6AD14}.Debug|Any CPU.Build.0 = Debug|Any CPU
		{74762A5F-1D1E-4744-8481-2494F8E6AD14}.Release|Any CPU.ActiveCfg = Release|Any CPU
		{74762A5F-1D1E-4744-8481-2494F8E6AD14}.Release|Any CPU.Build.0 = Release|Any CPU
	EndGlobalSection
	GlobalSection(SolutionProperties) = preSolution
		HideSolutionNode = FALSE
	EndGlobalSection
	GlobalSection(ExtensibilityGlobals) = postSolution
		SolutionGuid = {AAC0662D-49A1-43D7-A413-860F5E9FC7E3}
	EndGlobalSection
EndGlobal
